
Microsoft Visual Studio Solution File, Format Version 12.00
# Visual Studio Version 17
VisualStudioVersion = 17.4.33213.308
MinimumVisualStudioVersion = 10.0.40219.1
Project("{FAE04EC0-301F-11D3-BF4B-00C04F79EFBC}") = "scratch_finals_18", "scratch_finals_18\scratch_finals_18.csproj", "{2AD1437B-274F-4A76-92FC-382340D820EF}"
EndProject
Global
	GlobalSection(SolutionConfigurationPlatforms) = preSolution
		Debug|Any CPU = Debug|Any CPU
		Release|Any CPU = Release|Any CPU
	EndGlobalSection
	GlobalSection(ProjectConfigurationPlatforms) = postSolution
		{2AD1437B-274F-4A76-92FC-382340D820EF}.Debug|Any CPU.ActiveCfg = Debug|Any CPU
		{2AD1437B-274F-4A76-92FC-382340D820EF}.Debug|Any CPU.Build.0 = Debug|Any CPU
		{2AD1437B-274F-4A76-92FC-382340D820EF}.Release|Any CPU.ActiveCfg = Release|Any CPU
		{2AD1437B-274F-4A76-92FC-382340D820EF}.Release|Any CPU.Build.0 = Release|Any CPU
	EndGlobalSection
	GlobalSection(SolutionProperties) = preSolution
		HideSolutionNode = FALSE
	EndGlobalSection
	GlobalSection(ExtensibilityGlobals) = postSolution
		SolutionGuid = {FAF6DEE4-901A-4EE6-BCEA-E6AF1AABBBE2}
	EndGlobalSection
EndGlobal
